
Microsoft Visual Studio Solution File, Format Version 12.00
# Visual Studio Version 17
VisualStudioVersion = 17.3.32819.101
MinimumVisualStudioVersion = 10.0.40219.1
Project("{FAE04EC0-301F-11D3-BF4B-00C04F79EFBC}") = "WarrenCountyTaxCalcApp", "WarrenCountyTaxCalcApp.csproj", "{DFA51685-1702-4410-AB83-6BD1005CDA38}"
EndProject
Global
	GlobalSection(SolutionConfigurationPlatforms) = preSolution
		Debug|Any CPU = Debug|Any CPU
		Release|Any CPU = Release|Any CPU
	EndGlobalSection
	GlobalSection(ProjectConfigurationPlatforms) = postSolution
		{DFA51685-1702-4410-AB83-6BD1005CDA38}.Debug|Any CPU.ActiveCfg = Debug|Any CPU
		{DFA51685-1702-4410-AB83-6BD1005CDA38}.Debug|Any CPU.Build.0 = Debug|Any CPU
		{DFA51685-1702-4410-AB83-6BD1005CDA38}.Release|Any CPU.ActiveCfg = Release|Any CPU
		{DFA51685-1702-4410-AB83-6BD1005CDA38}.Release|Any CPU.Build.0 = Release|Any CPU
	EndGlobalSection
	GlobalSection(SolutionProperties) = preSolution
		HideSolutionNode = FALSE
	EndGlobalSection
	GlobalSection(ExtensibilityGlobals) = postSolution
		SolutionGuid = {F829D5C6-E4F6-412C-B1C5-F9E666A516C3}
	EndGlobalSection
EndGlobal
