
Microsoft Visual Studio Solution File, Format Version 12.00
# Visual Studio Version 17
VisualStudioVersion = 17.3.32819.101
MinimumVisualStudioVersion = 10.0.40219.1
Project("{FAE04EC0-301F-11D3-BF4B-00C04F79EFBC}") = "LunchOrderCostCalcApp", "LunchOrderCostCalcApp.csproj", "{B4166B9D-6263-43AC-9651-8B41258363AF}"
EndProject
Global
	GlobalSection(SolutionConfigurationPlatforms) = preSolution
		Debug|Any CPU = Debug|Any CPU
		Release|Any CPU = Release|Any CPU
	EndGlobalSection
	GlobalSection(ProjectConfigurationPlatforms) = postSolution
		{B4166B9D-6263-43AC-9651-8B41258363AF}.Debug|Any CPU.ActiveCfg = Debug|Any CPU
		{B4166B9D-6263-43AC-9651-8B41258363AF}.Debug|Any CPU.Build.0 = Debug|Any CPU
		{B4166B9D-6263-43AC-9651-8B41258363AF}.Release|Any CPU.ActiveCfg = Release|Any CPU
		{B4166B9D-6263-43AC-9651-8B41258363AF}.Release|Any CPU.Build.0 = Release|Any CPU
	EndGlobalSection
	GlobalSection(SolutionProperties) = preSolution
		HideSolutionNode = FALSE
	EndGlobalSection
	GlobalSection(ExtensibilityGlobals) = postSolution
		SolutionGuid = {9E4ECECF-561C-491E-99AD-8B1BE9AF505C}
	EndGlobalSection
EndGlobal
